
Microsoft Visual Studio Solution File, Format Version 12.00
# Visual Studio 15
VisualStudioVersion = 15.0.26403.7
MinimumVisualStudioVersion = 10.0.40219.1
Project("{FAE04EC0-301F-11D3-BF4B-00C04F79EFBC}") = "Banking_System_With_Class_And_Object", "Banking_System_With_Class_And_Object\Banking_System_With_Class_And_Object.csproj", "{B9D879B4-FC52-4290-AC42-19F895E60FF5}"
EndProject
Global
	GlobalSection(SolutionConfigurationPlatforms) = preSolution
		Debug|Any CPU = Debug|Any CPU
		Release|Any CPU = Release|Any CPU
	EndGlobalSection
	GlobalSection(ProjectConfigurationPlatforms) = postSolution
		{B9D879B4-FC52-4290-AC42-19F895E60FF5}.Debug|Any CPU.ActiveCfg = Debug|Any CPU
		{B9D879B4-FC52-4290-AC42-19F895E60FF5}.Debug|Any CPU.Build.0 = Debug|Any CPU
		{B9D879B4-FC52-4290-AC42-19F895E60FF5}.Release|Any CPU.ActiveCfg = Release|Any CPU
		{B9D879B4-FC52-4290-AC42-19F895E60FF5}.Release|Any CPU.Build.0 = Release|Any CPU
	EndGlobalSection
	GlobalSection(SolutionProperties) = preSolution
		HideSolutionNode = FALSE
	EndGlobalSection
EndGlobal
